
Microsoft Visual Studio Solution File, Format Version 12.00
# Visual Studio 14
VisualStudioVersion = 14.0.25123.0
MinimumVisualStudioVersion = 10.0.40219.1
Project("{888888A0-9F3D-457C-B088-3A5042F75D52}") = "Random Walk", "Random Walk.pyproj", "{057572E6-2396-431F-B64E-0671F613E683}"
EndProject
Project("{888888A0-9F3D-457C-B088-3A5042F75D52}") = "Downloading data", "..\Downloading data\Downloading data.pyproj", "{C225735D-B92D-440B-A948-757514D810C1}"
EndProject
Project("{888888A0-9F3D-457C-B088-3A5042F75D52}") = "TinyCode", "..\TinyCode\TinyCode.pyproj", "{D0C7E11B-9BA0-4A20-9E1F-9D4A2C3DD180}"
EndProject
Global
	GlobalSection(SolutionConfigurationPlatforms) = preSolution
		Debug|Any CPU = Debug|Any CPU
		Release|Any CPU = Release|Any CPU
	EndGlobalSection
	GlobalSection(ProjectConfigurationPlatforms) = postSolution
		{057572E6-2396-431F-B64E-0671F613E683}.Debug|Any CPU.ActiveCfg = Debug|Any CPU
		{057572E6-2396-431F-B64E-0671F613E683}.Release|Any CPU.ActiveCfg = Release|Any CPU
		{C225735D-B92D-440B-A948-757514D810C1}.Debug|Any CPU.ActiveCfg = Debug|Any CPU
		{C225735D-B92D-440B-A948-757514D810C1}.Release|Any CPU.ActiveCfg = Release|Any CPU
		{D0C7E11B-9BA0-4A20-9E1F-9D4A2C3DD180}.Debug|Any CPU.ActiveCfg = Debug|Any CPU
		{D0C7E11B-9BA0-4A20-9E1F-9D4A2C3DD180}.Release|Any CPU.ActiveCfg = Release|Any CPU
	EndGlobalSection
	GlobalSection(SolutionProperties) = preSolution
		HideSolutionNode = FALSE
	EndGlobalSection
EndGlobal
